
Microsoft Visual Studio Solution File, Format Version 12.00
# Visual Studio 2013
Project("{FAE04EC0-301F-11D3-BF4B-00C04F79EFBC}") = "UnityVS.3DSoundProject.CSharp.Plugins", "UnityVS.3DSoundProject.CSharp.Plugins.csproj", "{0A05F248-A5B8-2BF1-CD0B-5540732CECBF}"
EndProject
Project("{FAE04EC0-301F-11D3-BF4B-00C04F79EFBC}") = "UnityVS.3DSoundProject.CSharp", "UnityVS.3DSoundProject.CSharp.csproj", "{00740357-EE3C-A284-9D0F-48DD202CCD8F}"
EndProject
Project("{FAE04EC0-301F-11D3-BF4B-00C04F79EFBC}") = "UnityVS.3DSoundProject.CSharp.Editor", "UnityVS.3DSoundProject.CSharp.Editor.csproj", "{FCE7F33F-0A79-7895-B823-ABDB36CA1D92}"
EndProject
Global
	GlobalSection(SolutionConfigurationPlatforms) = preSolution
		Debug|Any CPU = Debug|Any CPU
		Release|Any CPU = Release|Any CPU
	EndGlobalSection
	GlobalSection(ProjectConfigurationPlatforms) = postSolution
		{0A05F248-A5B8-2BF1-CD0B-5540732CECBF}.Debug|Any CPU.ActiveCfg = Debug|Any CPU
		{0A05F248-A5B8-2BF1-CD0B-5540732CECBF}.Debug|Any CPU.Build.0 = Debug|Any CPU
		{0A05F248-A5B8-2BF1-CD0B-5540732CECBF}.Release|Any CPU.ActiveCfg = Release|Any CPU
		{0A05F248-A5B8-2BF1-CD0B-5540732CECBF}.Release|Any CPU.Build.0 = Release|Any CPU
		{00740357-EE3C-A284-9D0F-48DD202CCD8F}.Debug|Any CPU.ActiveCfg = Debug|Any CPU
		{00740357-EE3C-A284-9D0F-48DD202CCD8F}.Debug|Any CPU.Build.0 = Debug|Any CPU
		{00740357-EE3C-A284-9D0F-48DD202CCD8F}.Release|Any CPU.ActiveCfg = Release|Any CPU
		{00740357-EE3C-A284-9D0F-48DD202CCD8F}.Release|Any CPU.Build.0 = Release|Any CPU
		{FCE7F33F-0A79-7895-B823-ABDB36CA1D92}.Debug|Any CPU.ActiveCfg = Debug|Any CPU
		{FCE7F33F-0A79-7895-B823-ABDB36CA1D92}.Debug|Any CPU.Build.0 = Debug|Any CPU
		{FCE7F33F-0A79-7895-B823-ABDB36CA1D92}.Release|Any CPU.ActiveCfg = Release|Any CPU
		{FCE7F33F-0A79-7895-B823-ABDB36CA1D92}.Release|Any CPU.Build.0 = Release|Any CPU
	EndGlobalSection
	GlobalSection(SolutionProperties) = preSolution
		HideSolutionNode = FALSE
	EndGlobalSection
EndGlobal
